
Microsoft Visual Studio Solution File, Format Version 12.00
# Visual Studio Version 17
VisualStudioVersion = 17.10.34928.147
MinimumVisualStudioVersion = 10.0.40219.1
Project("{FAE04EC0-301F-11D3-BF4B-00C04F79EFBC}") = "Balanza", "Balanza\Balanza.csproj", "{B092CDD3-1238-45D6-91FD-099F11492006}"
EndProject
Global
	GlobalSection(SolutionConfigurationPlatforms) = preSolution
		Debug|Any CPU = Debug|Any CPU
		Release|Any CPU = Release|Any CPU
	EndGlobalSection
	GlobalSection(ProjectConfigurationPlatforms) = postSolution
		{B092CDD3-1238-45D6-91FD-099F11492006}.Debug|Any CPU.ActiveCfg = Debug|Any CPU
		{B092CDD3-1238-45D6-91FD-099F11492006}.Debug|Any CPU.Build.0 = Debug|Any CPU
		{B092CDD3-1238-45D6-91FD-099F11492006}.Release|Any CPU.ActiveCfg = Release|Any CPU
		{B092CDD3-1238-45D6-91FD-099F11492006}.Release|Any CPU.Build.0 = Release|Any CPU
	EndGlobalSection
	GlobalSection(SolutionProperties) = preSolution
		HideSolutionNode = FALSE
	EndGlobalSection
	GlobalSection(ExtensibilityGlobals) = postSolution
		SolutionGuid = {0EC84D49-11DC-434D-9F40-ED616BD3D20C}
	EndGlobalSection
EndGlobal
